// !$*UTF8*$!
{
	archiveVersion = 1;
	classes = {
	};
	objectVersion = 50;
	objects = {

/* Begin PBXBuildFile section */
		2C0003152B2A72F700AB14F4 /* AppDelegate.swift in Sources */ = {isa = PBXBuildFile; fileRef = 2C0003142B2A72F700AB14F4 /* AppDelegate.swift */; };
		2C0003172B2A72F700AB14F4 /* SceneDelegate.swift in Sources */ = {isa = PBXBuildFile; fileRef = 2C0003162B2A72F700AB14F4 /* SceneDelegate.swift */; };
		2C0003192B2A72F700AB14F4 /* MainTabBarViewController.swift in Sources */ = {isa = PBXBuildFile; fileRef = 2C0003182B2A72F700AB14F4 /* MainTabBarViewController.swift */; };
		2C00031E2B2A72F900AB14F4 /* Assets.xcassets in Resources */ = {isa = PBXBuildFile; fileRef = 2C00031D2B2A72F900AB14F4 /* Assets.xcassets */; };
		2C0003212B2A72F900AB14F4 /* LaunchScreen.storyboard in Resources */ = {isa = PBXBuildFile; fileRef = 2C00031F2B2A72F900AB14F4 /* LaunchScreen.storyboard */; };
		2C00032A2B2A773900AB14F4 /* HomeViewController.swift in Sources */ = {isa = PBXBuildFile; fileRef = 2C0003292B2A773900AB14F4 /* HomeViewController.swift */; };
		2C00032C2B2A779800AB14F4 /* UpcomingViewController.swift in Sources */ = {isa = PBXBuildFile; fileRef = 2C00032B2B2A779800AB14F4 /* UpcomingViewController.swift */; };
		2C00032E2B2A77E500AB14F4 /* SearchViewController.swift in Sources */ = {isa = PBXBuildFile; fileRef = 2C00032D2B2A77E500AB14F4 /* SearchViewController.swift */; };
		2C0003302B2A783500AB14F4 /* DownloadsViewController.swift in Sources */ = {isa = PBXBuildFile; fileRef = 2C00032F2B2A783500AB14F4 /* DownloadsViewController.swift */; };
		2C0003332B2A905C00AB14F4 /* CollectionViewTableViewCell.swift in Sources */ = {isa = PBXBuildFile; fileRef = 2C0003322B2A905C00AB14F4 /* CollectionViewTableViewCell.swift */; };
		2C0003352B2AA4F700AB14F4 /* HeroHeaderUIView.swift in Sources */ = {isa = PBXBuildFile; fileRef = 2C0003342B2AA4F700AB14F4 /* HeroHeaderUIView.swift */; };
/* End PBXBuildFile section */

/* Begin PBXFileReference section */
		2C0003112B2A72F700AB14F4 /* Netflix Clone.app */ = {isa = PBXFileReference; explicitFileType = wrapper.application; includeInIndex = 0; path = "Netflix Clone.app"; sourceTree = BUILT_PRODUCTS_DIR; };
		2C0003142B2A72F700AB14F4 /* AppDelegate.swift */ = {isa = PBXFileReference; lastKnownFileType = sourcecode.swift; path = AppDelegate.swift; sourceTree = "<group>"; };
		2C0003162B2A72F700AB14F4 /* SceneDelegate.swift */ = {isa = PBXFileReference; lastKnownFileType = sourcecode.swift; path = SceneDelegate.swift; sourceTree = "<group>"; };
		2C0003182B2A72F700AB14F4 /* MainTabBarViewController.swift */ = {isa = PBXFileReference; lastKnownFileType = sourcecode.swift; path = MainTabBarViewController.swift; sourceTree = "<group>"; };
		2C00031D2B2A72F900AB14F4 /* Assets.xcassets */ = {isa = PBXFileReference; lastKnownFileType = folder.assetcatalog; path = Assets.xcassets; sourceTree = "<group>"; };
		2C0003202B2A72F900AB14F4 /* Base */ = {isa = PBXFileReference; lastKnownFileType = file.storyboard; name = Base; path = Base.lproj/LaunchScreen.storyboard; sourceTree = "<group>"; };
		2C0003222B2A72F900AB14F4 /* Info.plist */ = {isa = PBXFileReference; lastKnownFileType = text.plist.xml; path = Info.plist; sourceTree = "<group>"; };
		2C0003292B2A773900AB14F4 /* HomeViewController.swift */ = {isa = PBXFileReference; lastKnownFileType = sourcecode.swift; path = HomeViewController.swift; sourceTree = "<group>"; };
		2C00032B2B2A779800AB14F4 /* UpcomingViewController.swift */ = {isa = PBXFileReference; lastKnownFileType = sourcecode.swift; path = UpcomingViewController.swift; sourceTree = "<group>"; };
		2C00032D2B2A77E500AB14F4 /* SearchViewController.swift */ = {isa = PBXFileReference; lastKnownFileType = sourcecode.swift; path = SearchViewController.swift; sourceTree = "<group>"; };
		2C00032F2B2A783500AB14F4 /* DownloadsViewController.swift */ = {isa = PBXFileReference; lastKnownFileType = sourcecode.swift; path = DownloadsViewController.swift; sourceTree = "<group>"; };
		2C0003322B2A905C00AB14F4 /* CollectionViewTableViewCell.swift */ = {isa = PBXFileReference; lastKnownFileType = sourcecode.swift; path = CollectionViewTableViewCell.swift; sourceTree = "<group>"; };
		2C0003342B2AA4F700AB14F4 /* HeroHeaderUIView.swift */ = {isa = PBXFileReference; lastKnownFileType = sourcecode.swift; path = HeroHeaderUIView.swift; sourceTree = "<group>"; };
/* End PBXFileReference section */

/* Begin PBXFrameworksBuildPhase section */
		2C00030E2B2A72F700AB14F4 /* Frameworks */ = {
			isa = PBXFrameworksBuildPhase;
			buildActionMask = 2147483647;
			files = (
			);
			runOnlyForDeploymentPostprocessing = 0;
		};
/* End PBXFrameworksBuildPhase section */

/* Begin PBXGroup section */
		2C0003082B2A72F700AB14F4 = {
			isa = PBXGroup;
			children = (
				2C0003132B2A72F700AB14F4 /* Netflix Clone */,
				2C0003122B2A72F700AB14F4 /* Products */,
			);
			sourceTree = "<group>";
		};
		2C0003122B2A72F700AB14F4 /* Products */ = {
			isa = PBXGroup;
			children = (
				2C0003112B2A72F700AB14F4 /* Netflix Clone.app */,
			);
			name = Products;
			sourceTree = "<group>";
		};
		2C0003132B2A72F700AB14F4 /* Netflix Clone */ = {
			isa = PBXGroup;
			children = (
				2C0003312B2A900300AB14F4 /* Views */,
				2C0003282B2A76E000AB14F4 /* Controllers */,
				2C0003142B2A72F700AB14F4 /* AppDelegate.swift */,
				2C0003162B2A72F700AB14F4 /* SceneDelegate.swift */,
				2C0003182B2A72F700AB14F4 /* MainTabBarViewController.swift */,
				2C00031D2B2A72F900AB14F4 /* Assets.xcassets */,
				2C00031F2B2A72F900AB14F4 /* LaunchScreen.storyboard */,
				2C0003222B2A72F900AB14F4 /* Info.plist */,
			);
			path = "Netflix Clone";
			sourceTree = "<group>";
		};
		2C0003282B2A76E000AB14F4 /* Controllers */ = {
			isa = PBXGroup;
			children = (
				2C0003292B2A773900AB14F4 /* HomeViewController.swift */,
				2C00032B2B2A779800AB14F4 /* UpcomingViewController.swift */,
				2C00032D2B2A77E500AB14F4 /* SearchViewController.swift */,
				2C00032F2B2A783500AB14F4 /* DownloadsViewController.swift */,
			);
			path = Controllers;
			sourceTree = "<group>";
		};
		2C0003312B2A900300AB14F4 /* Views */ = {
			isa = PBXGroup;
			children = (
				2C0003322B2A905C00AB14F4 /* CollectionViewTableViewCell.swift */,
				2C0003342B2AA4F700AB14F4 /* HeroHeaderUIView.swift */,
			);
			path = Views;
			sourceTree = "<group>";
		};
/* End PBXGroup section */

/* Begin PBXNativeTarget section */
		2C0003102B2A72F700AB14F4 /* Netflix Clone */ = {
			isa = PBXNativeTarget;
			buildConfigurationList = 2C0003252B2A72F900AB14F4 /* Build configuration list for PBXNativeTarget "Netflix Clone" */;
			buildPhases = (
				2C00030D2B2A72F700AB14F4 /* Sources */,
				2C00030E2B2A72F700AB14F4 /* Frameworks */,
				2C00030F2B2A72F700AB14F4 /* Resources */,
			);
			buildRules = (
			);
			dependencies = (
			);
			name = "Netflix Clone";
			productName = "Netflix Clone";
			productReference = 2C0003112B2A72F700AB14F4 /* Netflix Clone.app */;
			productType = "com.apple.product-type.application";
		};
/* End PBXNativeTarget section */

/* Begin PBXProject section */
		2C0003092B2A72F700AB14F4 /* Project object */ = {
			isa = PBXProject;
			attributes = {
				LastSwiftUpdateCheck = 1250;
				LastUpgradeCheck = 1250;
				TargetAttributes = {
					2C0003102B2A72F700AB14F4 = {
						CreatedOnToolsVersion = 12.5.1;
					};
				};
			};
			buildConfigurationList = 2C00030C2B2A72F700AB14F4 /* Build configuration list for PBXProject "Netflix Clone" */;
			compatibilityVersion = "Xcode 9.3";
			developmentRegion = en;
			hasScannedForEncodings = 0;
			knownRegions = (
				en,
				Base,
			);
			mainGroup = 2C0003082B2A72F700AB14F4;
			productRefGroup = 2C0003122B2A72F700AB14F4 /* Products */;
			projectDirPath = "";
			projectRoot = "";
			targets = (
				2C0003102B2A72F700AB14F4 /* Netflix Clone */,
			);
		};
/* End PBXProject section */

/* Begin PBXResourcesBuildPhase section */
		2C00030F2B2A72F700AB14F4 /* Resources */ = {
			isa = PBXResourcesBuildPhase;
			buildActionMask = 2147483647;
			files = (
				2C0003212B2A72F900AB14F4 /* LaunchScreen.storyboard in Resources */,
				2C00031E2B2A72F900AB14F4 /* Assets.xcassets in Resources */,
			);
			runOnlyForDeploymentPostprocessing = 0;
		};
/* End PBXResourcesBuildPhase section */

/* Begin PBXSourcesBuildPhase section */
		2C00030D2B2A72F700AB14F4 /* Sources */ = {
			isa = PBXSourcesBuildPhase;
			buildActionMask = 2147483647;
			files = (
				2C00032E2B2A77E500AB14F4 /* SearchViewController.swift in Sources */,
				2C0003192B2A72F700AB14F4 /* MainTabBarViewController.swift in Sources */,
				2C0003332B2A905C00AB14F4 /* CollectionViewTableViewCell.swift in Sources */,
				2C0003352B2AA4F700AB14F4 /* HeroHeaderUIView.swift in Sources */,
				2C0003302B2A783500AB14F4 /* DownloadsViewController.swift in Sources */,
				2C0003152B2A72F700AB14F4 /* AppDelegate.swift in Sources */,
				2C0003172B2A72F700AB14F4 /* SceneDelegate.swift in Sources */,
				2C00032C2B2A779800AB14F4 /* UpcomingViewController.swift in Sources */,
				2C00032A2B2A773900AB14F4 /* HomeViewController.swift in Sources */,
			);
			runOnlyForDeploymentPostprocessing = 0;
		};
/* End PBXSourcesBuildPhase section */

/* Begin PBXVariantGroup section */
		2C00031F2B2A72F900AB14F4 /* LaunchScreen.storyboard */ = {
			isa = PBXVariantGroup;
			children = (
				2C0003202B2A72F900AB14F4 /* Base */,
			);
			name = LaunchScreen.storyboard;
			sourceTree = "<group>";
		};
/* End PBXVariantGroup section */

/* Begin XCBuildConfiguration section */
		2C0003232B2A72F900AB14F4 /* Debug */ = {
			isa = XCBuildConfiguration;
			buildSettings = {
				ALWAYS_SEARCH_USER_PATHS = NO;
				CLANG_ANALYZER_NONNULL = YES;
				CLANG_ANALYZER_NUMBER_OBJECT_CONVERSION = YES_AGGRESSIVE;
				CLANG_CXX_LANGUAGE_STANDARD = "gnu++14";
				CLANG_CXX_LIBRARY = "libc++";
				CLANG_ENABLE_MODULES = YES;
				CLANG_ENABLE_OBJC_ARC = YES;
				CLANG_ENABLE_OBJC_WEAK = YES;
				CLANG_WARN_BLOCK_CAPTURE_AUTORELEASING = YES;
				CLANG_WARN_BOOL_CONVERSION = YES;
				CLANG_WARN_COMMA = YES;
				CLANG_WARN_CONSTANT_CONVERSION = YES;
				CLANG_WARN_DEPRECATED_OBJC_IMPLEMENTATIONS = YES;
				CLANG_WARN_DIRECT_OBJC_ISA_USAGE = YES_ERROR;
				CLANG_WARN_DOCUMENTATION_COMMENTS = YES;
				CLANG_WARN_EMPTY_BODY = YES;
				CLANG_WARN_ENUM_CONVERSION = YES;
				CLANG_WARN_INFINITE_RECURSION = YES;
				CLANG_WARN_INT_CONVERSION = YES;
				CLANG_WARN_NON_LITERAL_NULL_CONVERSION = YES;
				CLANG_WARN_OBJC_IMPLICIT_RETAIN_SELF = YES;
				CLANG_WARN_OBJC_LITERAL_CONVERSION = YES;
				CLANG_WARN_OBJC_ROOT_CLASS = YES_ERROR;
				CLANG_WARN_QUOTED_INCLUDE_IN_FRAMEWORK_HEADER = YES;
				CLANG_WARN_RANGE_LOOP_ANALYSIS = YES;
				CLANG_WARN_STRICT_PROTOTYPES = YES;
				CLANG_WARN_SUSPICIOUS_MOVE = YES;
				CLANG_WARN_UNGUARDED_AVAILABILITY = YES_AGGRESSIVE;
				CLANG_WARN_UNREACHABLE_CODE = YES;
				CLANG_WARN__DUPLICATE_METHOD_MATCH = YES;
				COPY_PHASE_STRIP = NO;
				DEBUG_INFORMATION_FORMAT = dwarf;
				ENABLE_STRICT_OBJC_MSGSEND = YES;
				ENABLE_TESTABILITY = YES;
				GCC_C_LANGUAGE_STANDARD = gnu11;
				GCC_DYNAMIC_NO_PIC = NO;
				GCC_NO_COMMON_BLOCKS = YES;
				GCC_OPTIMIZATION_LEVEL = 0;
				GCC_PREPROCESSOR_DEFINITIONS = (
					"DEBUG=1",
					"$(inherited)",
				);
				GCC_WARN_64_TO_32_BIT_CONVERSION = YES;
				GCC_WARN_ABOUT_RETURN_TYPE = YES_ERROR;
				GCC_WARN_UNDECLARED_SELECTOR = YES;
				GCC_WARN_UNINITIALIZED_AUTOS = YES_AGGRESSIVE;
				GCC_WARN_UNUSED_FUNCTION = YES;
				GCC_WARN_UNUSED_VARIABLE = YES;
				IPHONEOS_DEPLOYMENT_TARGET = 14.5;
				MTL_ENABLE_DEBUG_INFO = INCLUDE_SOURCE;
				MTL_FAST_MATH = YES;
				ONLY_ACTIVE_ARCH = YES;
				SDKROOT = iphoneos;
				SWIFT_ACTIVE_COMPILATION_CONDITIONS = DEBUG;
				SWIFT_OPTIMIZATION_LEVEL = "-Onone";
			};
			name = Debug;
		};
		2C0003242B2A72F900AB14F4 /* Release */ = {
			isa = XCBuildConfiguration;
			buildSettings = {
				ALWAYS_SEARCH_USER_PATHS = NO;
				CLANG_ANALYZER_NONNULL = YES;
				CLANG_ANALYZER_NUMBER_OBJECT_CONVERSION = YES_AGGRESSIVE;
				CLANG_CXX_LANGUAGE_STANDARD = "gnu++14";
				CLANG_CXX_LIBRARY = "libc++";
				CLANG_ENABLE_MODULES = YES;
				CLANG_ENABLE_OBJC_ARC = YES;
				CLANG_ENABLE_OBJC_WEAK = YES;
				CLANG_WARN_BLOCK_CAPTURE_AUTORELEASING = YES;
				CLANG_WARN_BOOL_CONVERSION = YES;
				CLANG_WARN_COMMA = YES;
				CLANG_WARN_CONSTANT_CONVERSION = YES;
				CLANG_WARN_DEPRECATED_OBJC_IMPLEMENTATIONS = YES;
				CLANG_WARN_DIRECT_OBJC_ISA_USAGE = YES_ERROR;
				CLANG_WARN_DOCUMENTATION_COMMENTS = YES;
				CLANG_WARN_EMPTY_BODY = YES;
				CLANG_WARN_ENUM_CONVERSION = YES;
				CLANG_WARN_INFINITE_RECURSION = YES;
				CLANG_WARN_INT_CONVERSION = YES;
				CLANG_WARN_NON_LITERAL_NULL_CONVERSION = YES;
				CLANG_WARN_OBJC_IMPLICIT_RETAIN_SELF = YES;
				CLANG_WARN_OBJC_LITERAL_CONVERSION = YES;
				CLANG_WARN_OBJC_ROOT_CLASS = YES_ERROR;
				CLANG_WARN_QUOTED_INCLUDE_IN_FRAMEWORK_HEADER = YES;
				CLANG_WARN_RANGE_LOOP_ANALYSIS = YES;
				CLANG_WARN_STRICT_PROTOTYPES = YES;
				CLANG_WARN_SUSPICIOUS_MOVE = YES;
				CLANG_WARN_UNGUARDED_AVAILABILITY = YES_AGGRESSIVE;
				CLANG_WARN_UNREACHABLE_CODE = YES;
				CLANG_WARN__DUPLICATE_METHOD_MATCH = YES;
				COPY_PHASE_STRIP = NO;
				DEBUG_INFORMATION_FORMAT = "dwarf-with-dsym";
				ENABLE_NS_ASSERTIONS = NO;
				ENABLE_STRICT_OBJC_MSGSEND = YES;
				GCC_C_LANGUAGE_STANDARD = gnu11;
				GCC_NO_COMMON_BLOCKS = YES;
				GCC_WARN_64_TO_32_BIT_CONVERSION = YES;
				GCC_WARN_ABOUT_RETURN_TYPE = YES_ERROR;
				GCC_WARN_UNDECLARED_SELECTOR = YES;
				GCC_WARN_UNINITIALIZED_AUTOS = YES_AGGRESSIVE;
				GCC_WARN_UNUSED_FUNCTION = YES;
				GCC_WARN_UNUSED_VARIABLE = YES;
				IPHONEOS_DEPLOYMENT_TARGET = 14.5;
				MTL_ENABLE_DEBUG_INFO = NO;
				MTL_FAST_MATH = YES;
				SDKROOT = iphoneos;
				SWIFT_COMPILATION_MODE = wholemodule;
				SWIFT_OPTIMIZATION_LEVEL = "-O";
				VALIDATE_PRODUCT = YES;
			};
			name = Release;
		};
		2C0003262B2A72F900AB14F4 /* Debug */ = {
			isa = XCBuildConfiguration;
			buildSettings = {
				ASSETCATALOG_COMPILER_APPICON_NAME = AppIcon;
				ASSETCATALOG_COMPILER_GLOBAL_ACCENT_COLOR_NAME = AccentColor;
				CODE_SIGN_STYLE = Automatic;
				DEVELOPMENT_TEAM = 8SSG89LVK4;
				INFOPLIST_FILE = "Netflix Clone/Info.plist";
				LD_RUNPATH_SEARCH_PATHS = (
					"$(inherited)",
					"@executable_path/Frameworks",
				);
				PRODUCT_BUNDLE_IDENTIFIER = "com.citycoon.Netflix-Clone";
				PRODUCT_NAME = "$(TARGET_NAME)";
				SWIFT_VERSION = 5.0;
				TARGETED_DEVICE_FAMILY = "1,2";
			};
			name = Debug;
		};
		2C0003272B2A72F900AB14F4 /* Release */ = {
			isa = XCBuildConfiguration;
			buildSettings = {
				ASSETCATALOG_COMPILER_APPICON_NAME = AppIcon;
				ASSETCATALOG_COMPILER_GLOBAL_ACCENT_COLOR_NAME = AccentColor;
				CODE_SIGN_STYLE = Automatic;
				DEVELOPMENT_TEAM = 8SSG89LVK4;
				INFOPLIST_FILE = "Netflix Clone/Info.plist";
				LD_RUNPATH_SEARCH_PATHS = (
					"$(inherited)",
					"@executable_path/Frameworks",
				);
				PRODUCT_BUNDLE_IDENTIFIER = "com.citycoon.Netflix-Clone";
				PRODUCT_NAME = "$(TARGET_NAME)";
				SWIFT_VERSION = 5.0;
				TARGETED_DEVICE_FAMILY = "1,2";
			};
			name = Release;
		};
/* End XCBuildConfiguration section */

/* Begin XCConfigurationList section */
		2C00030C2B2A72F700AB14F4 /* Build configuration list for PBXProject "Netflix Clone" */ = {
			isa = XCConfigurationList;
			buildConfigurations = (
				2C0003232B2A72F900AB14F4 /* Debug */,
				2C0003242B2A72F900AB14F4 /* Release */,
			);
			defaultConfigurationIsVisible = 0;
			defaultConfigurationName = Release;
		};
		2C0003252B2A72F900AB14F4 /* Build configuration list for PBXNativeTarget "Netflix Clone" */ = {
			isa = XCConfigurationList;
			buildConfigurations = (
				2C0003262B2A72F900AB14F4 /* Debug */,
				2C0003272B2A72F900AB14F4 /* Release */,
			);
			defaultConfigurationIsVisible = 0;
			defaultConfigurationName = Release;
		};
/* End XCConfigurationList section */
	};
	rootObject = 2C0003092B2A72F700AB14F4 /* Project object */;
}
